// !$*UTF8*$!
{
	archiveVersion = 1;
	classes = {
	};
	objectVersion = 55;
	objects = {

/* Begin PBXBuildFile section */
		1208FA2E286F729F006851D3 /* AppDelegate.swift in Sources */ = {isa = PBXBuildFile; fileRef = 1208FA2D286F729F006851D3 /* AppDelegate.swift */; };
		1208FA30286F729F006851D3 /* SceneDelegate.swift in Sources */ = {isa = PBXBuildFile; fileRef = 1208FA2F286F729F006851D3 /* SceneDelegate.swift */; };
		1208FA32286F729F006851D3 /* ViewController.swift in Sources */ = {isa = PBXBuildFile; fileRef = 1208FA31286F729F006851D3 /* ViewController.swift */; };
		1208FA35286F729F006851D3 /* Main.storyboard in Resources */ = {isa = PBXBuildFile; fileRef = 1208FA33286F729F006851D3 /* Main.storyboard */; };
		1208FA37286F72A0006851D3 /* Assets.xcassets in Resources */ = {isa = PBXBuildFile; fileRef = 1208FA36286F72A0006851D3 /* Assets.xcassets */; };
		1208FA3A286F72A0006851D3 /* LaunchScreen.storyboard in Resources */ = {isa = PBXBuildFile; fileRef = 1208FA38286F72A0006851D3 /* LaunchScreen.storyboard */; };
		12496BB7288EB6EF00DB2098 /* APIKey.plist in Resources */ = {isa = PBXBuildFile; fileRef = 12496BB6288EB6EF00DB2098 /* APIKey.plist */; };
		12A2979128743939000F0062 /* Weather.swift in Sources */ = {isa = PBXBuildFile; fileRef = 12A2979028743939000F0062 /* Weather.swift */; };
		12A2979328743A63000F0062 /* WeatherService.swift in Sources */ = {isa = PBXBuildFile; fileRef = 12A2979228743A63000F0062 /* WeatherService.swift */; };
		EC24C15F1C1BB970BA74C74F /* Pods_WeatherSDY.framework in Frameworks */ = {isa = PBXBuildFile; fileRef = D5EF18DC7AB7250318551F13 /* Pods_WeatherSDY.framework */; };
/* End PBXBuildFile section */

/* Begin PBXFileReference section */
		1208FA2A286F729F006851D3 /* WeatherSDY.app */ = {isa = PBXFileReference; explicitFileType = wrapper.application; includeInIndex = 0; path = WeatherSDY.app; sourceTree = BUILT_PRODUCTS_DIR; };
		1208FA2D286F729F006851D3 /* AppDelegate.swift */ = {isa = PBXFileReference; lastKnownFileType = sourcecode.swift; path = AppDelegate.swift; sourceTree = "<group>"; };
		1208FA2F286F729F006851D3 /* SceneDelegate.swift */ = {isa = PBXFileReference; lastKnownFileType = sourcecode.swift; path = SceneDelegate.swift; sourceTree = "<group>"; };
		1208FA31286F729F006851D3 /* ViewController.swift */ = {isa = PBXFileReference; lastKnownFileType = sourcecode.swift; path = ViewController.swift; sourceTree = "<group>"; };
		1208FA34286F729F006851D3 /* Base */ = {isa = PBXFileReference; lastKnownFileType = file.storyboard; name = Base; path = Base.lproj/Main.storyboard; sourceTree = "<group>"; };
		1208FA36286F72A0006851D3 /* Assets.xcassets */ = {isa = PBXFileReference; lastKnownFileType = folder.assetcatalog; path = Assets.xcassets; sourceTree = "<group>"; };
		1208FA39286F72A0006851D3 /* Base */ = {isa = PBXFileReference; lastKnownFileType = file.storyboard; name = Base; path = Base.lproj/LaunchScreen.storyboard; sourceTree = "<group>"; };
		1208FA3B286F72A0006851D3 /* Info.plist */ = {isa = PBXFileReference; lastKnownFileType = text.plist.xml; path = Info.plist; sourceTree = "<group>"; };
		12496BB6288EB6EF00DB2098 /* APIKey.plist */ = {isa = PBXFileReference; lastKnownFileType = text.plist.xml; path = APIKey.plist; sourceTree = "<group>"; };
		12A2979028743939000F0062 /* Weather.swift */ = {isa = PBXFileReference; lastKnownFileType = sourcecode.swift; path = Weather.swift; sourceTree = "<group>"; };
		12A2979228743A63000F0062 /* WeatherService.swift */ = {isa = PBXFileReference; lastKnownFileType = sourcecode.swift; path = WeatherService.swift; sourceTree = "<group>"; };
		787539166FE6CE110A2FBD12 /* Pods-WeatherSDY.release.xcconfig */ = {isa = PBXFileReference; includeInIndex = 1; lastKnownFileType = text.xcconfig; name = "Pods-WeatherSDY.release.xcconfig"; path = "Target Support Files/Pods-WeatherSDY/Pods-WeatherSDY.release.xcconfig"; sourceTree = "<group>"; };
		D5EF18DC7AB7250318551F13 /* Pods_WeatherSDY.framework */ = {isa = PBXFileReference; explicitFileType = wrapper.framework; includeInIndex = 0; path = Pods_WeatherSDY.framework; sourceTree = BUILT_PRODUCTS_DIR; };
		DF95527FADDCC9A1CA8C0F51 /* Pods-WeatherSDY.debug.xcconfig */ = {isa = PBXFileReference; includeInIndex = 1; lastKnownFileType = text.xcconfig; name = "Pods-WeatherSDY.debug.xcconfig"; path = "Target Support Files/Pods-WeatherSDY/Pods-WeatherSDY.debug.xcconfig"; sourceTree = "<group>"; };
/* End PBXFileReference section */

/* Begin PBXFrameworksBuildPhase section */
		1208FA27286F729F006851D3 /* Frameworks */ = {
			isa = PBXFrameworksBuildPhase;
			buildActionMask = 2147483647;
			files = (
				EC24C15F1C1BB970BA74C74F /* Pods_WeatherSDY.framework in Frameworks */,
			);
			runOnlyForDeploymentPostprocessing = 0;
		};
/* End PBXFrameworksBuildPhase section */

/* Begin PBXGroup section */
		1208FA21286F729F006851D3 = {
			isa = PBXGroup;
			children = (
				1208FA2C286F729F006851D3 /* WeatherSDY */,
				1208FA2B286F729F006851D3 /* Products */,
				CA8970771ACB49F802A93D70 /* Pods */,
				97A28836C9891158328E78E7 /* Frameworks */,
			);
			sourceTree = "<group>";
		};
		1208FA2B286F729F006851D3 /* Products */ = {
			isa = PBXGroup;
			children = (
				1208FA2A286F729F006851D3 /* WeatherSDY.app */,
			);
			name = Products;
			sourceTree = "<group>";
		};
		1208FA2C286F729F006851D3 /* WeatherSDY */ = {
			isa = PBXGroup;
			children = (
				1208FA2D286F729F006851D3 /* AppDelegate.swift */,
				1208FA2F286F729F006851D3 /* SceneDelegate.swift */,
				1208FA31286F729F006851D3 /* ViewController.swift */,
				12A2979028743939000F0062 /* Weather.swift */,
				12A2979228743A63000F0062 /* WeatherService.swift */,
				1208FA33286F729F006851D3 /* Main.storyboard */,
				1208FA36286F72A0006851D3 /* Assets.xcassets */,
				1208FA38286F72A0006851D3 /* LaunchScreen.storyboard */,
				1208FA3B286F72A0006851D3 /* Info.plist */,
				12496BB6288EB6EF00DB2098 /* APIKey.plist */,
			);
			path = WeatherSDY;
			sourceTree = "<group>";
		};
		97A28836C9891158328E78E7 /* Frameworks */ = {
			isa = PBXGroup;
			children = (
				D5EF18DC7AB7250318551F13 /* Pods_WeatherSDY.framework */,
			);
			name = Frameworks;
			sourceTree = "<group>";
		};
		CA8970771ACB49F802A93D70 /* Pods */ = {
			isa = PBXGroup;
			children = (
				DF95527FADDCC9A1CA8C0F51 /* Pods-WeatherSDY.debug.xcconfig */,
				787539166FE6CE110A2FBD12 /* Pods-WeatherSDY.release.xcconfig */,
			);
			path = Pods;
			sourceTree = "<group>";
		};
/* End PBXGroup section */

/* Begin PBXNativeTarget section */
		1208FA29286F729F006851D3 /* WeatherSDY */ = {
			isa = PBXNativeTarget;
			buildConfigurationList = 1208FA3E286F72A0006851D3 /* Build configuration list for PBXNativeTarget "WeatherSDY" */;
			buildPhases = (
				04E9F861A5EDE9A59590FFFA /* [CP] Check Pods Manifest.lock */,
				1208FA26286F729F006851D3 /* Sources */,
				1208FA27286F729F006851D3 /* Frameworks */,
				1208FA28286F729F006851D3 /* Resources */,
				91B32B7B3CE957CF369B51F3 /* [CP] Embed Pods Frameworks */,
			);
			buildRules = (
			);
			dependencies = (
			);
			name = WeatherSDY;
			productName = WeatherSDY;
			productReference = 1208FA2A286F729F006851D3 /* WeatherSDY.app */;
			productType = "com.apple.product-type.application";
		};
/* End PBXNativeTarget section */

/* Begin PBXProject section */
		1208FA22286F729F006851D3 /* Project object */ = {
			isa = PBXProject;
			attributes = {
				BuildIndependentTargetsInParallel = 1;
				LastSwiftUpdateCheck = 1340;
				LastUpgradeCheck = 1340;
				TargetAttributes = {
					1208FA29286F729F006851D3 = {
						CreatedOnToolsVersion = 13.4.1;
					};
				};
			};
			buildConfigurationList = 1208FA25286F729F006851D3 /* Build configuration list for PBXProject "WeatherSDY" */;
			compatibilityVersion = "Xcode 13.0";
			developmentRegion = en;
			hasScannedForEncodings = 0;
			knownRegions = (
				en,
				Base,
			);
			mainGroup = 1208FA21286F729F006851D3;
			productRefGroup = 1208FA2B286F729F006851D3 /* Products */;
			projectDirPath = "";
			projectRoot = "";
			targets = (
				1208FA29286F729F006851D3 /* WeatherSDY */,
			);
		};
/* End PBXProject section */

/* Begin PBXResourcesBuildPhase section */
		1208FA28286F729F006851D3 /* Resources */ = {
			isa = PBXResourcesBuildPhase;
			buildActionMask = 2147483647;
			files = (
				1208FA3A286F72A0006851D3 /* LaunchScreen.storyboard in Resources */,
				12496BB7288EB6EF00DB2098 /* APIKey.plist in Resources */,
				1208FA37286F72A0006851D3 /* Assets.xcassets in Resources */,
				1208FA35286F729F006851D3 /* Main.storyboard in Resources */,
			);
			runOnlyForDeploymentPostprocessing = 0;
		};
/* End PBXResourcesBuildPhase section */

/* Begin PBXShellScriptBuildPhase section */
		04E9F861A5EDE9A59590FFFA /* [CP] Check Pods Manifest.lock */ = {
			isa = PBXShellScriptBuildPhase;
			buildActionMask = 2147483647;
			files = (
			);
			inputFileListPaths = (
			);
			inputPaths = (
				"${PODS_PODFILE_DIR_PATH}/Podfile.lock",
				"${PODS_ROOT}/Manifest.lock",
			);
			name = "[CP] Check Pods Manifest.lock";
			outputFileListPaths = (
			);
			outputPaths = (
				"$(DERIVED_FILE_DIR)/Pods-WeatherSDY-checkManifestLockResult.txt",
			);
			runOnlyForDeploymentPostprocessing = 0;
			shellPath = /bin/sh;
			shellScript = "diff \"${PODS_PODFILE_DIR_PATH}/Podfile.lock\" \"${PODS_ROOT}/Manifest.lock\" > /dev/null\nif [ $? != 0 ] ; then\n    # print error to STDERR\n    echo \"error: The sandbox is not in sync with the Podfile.lock. Run 'pod install' or update your CocoaPods installation.\" >&2\n    exit 1\nfi\n# This output is used by Xcode 'outputs' to avoid re-running this script phase.\necho \"SUCCESS\" > \"${SCRIPT_OUTPUT_FILE_0}\"\n";
			showEnvVarsInLog = 0;
		};
		91B32B7B3CE957CF369B51F3 /* [CP] Embed Pods Frameworks */ = {
			isa = PBXShellScriptBuildPhase;
			buildActionMask = 2147483647;
			files = (
			);
			inputFileListPaths = (
				"${PODS_ROOT}/Target Support Files/Pods-WeatherSDY/Pods-WeatherSDY-frameworks-${CONFIGURATION}-input-files.xcfilelist",
			);
			name = "[CP] Embed Pods Frameworks";
			outputFileListPaths = (
				"${PODS_ROOT}/Target Support Files/Pods-WeatherSDY/Pods-WeatherSDY-frameworks-${CONFIGURATION}-output-files.xcfilelist",
			);
			runOnlyForDeploymentPostprocessing = 0;
			shellPath = /bin/sh;
			shellScript = "\"${PODS_ROOT}/Target Support Files/Pods-WeatherSDY/Pods-WeatherSDY-frameworks.sh\"\n";
			showEnvVarsInLog = 0;
		};
/* End PBXShellScriptBuildPhase section */

/* Begin PBXSourcesBuildPhase section */
		1208FA26286F729F006851D3 /* Sources */ = {
			isa = PBXSourcesBuildPhase;
			buildActionMask = 2147483647;
			files = (
				12A2979328743A63000F0062 /* WeatherService.swift in Sources */,
				12A2979128743939000F0062 /* Weather.swift in Sources */,
				1208FA32286F729F006851D3 /* ViewController.swift in Sources */,
				1208FA2E286F729F006851D3 /* AppDelegate.swift in Sources */,
				1208FA30286F729F006851D3 /* SceneDelegate.swift in Sources */,
			);
			runOnlyForDeploymentPostprocessing = 0;
		};
/* End PBXSourcesBuildPhase section */

/* Begin PBXVariantGroup section */
		1208FA33286F729F006851D3 /* Main.storyboard */ = {
			isa = PBXVariantGroup;
			children = (
				1208FA34286F729F006851D3 /* Base */,
			);
			name = Main.storyboard;
			sourceTree = "<group>";
		};
		1208FA38286F72A0006851D3 /* LaunchScreen.storyboard */ = {
			isa = PBXVariantGroup;
			children = (
				1208FA39286F72A0006851D3 /* Base */,
			);
			name = LaunchScreen.storyboard;
			sourceTree = "<group>";
		};
/* End PBXVariantGroup section */

/* Begin XCBuildConfiguration section */
		1208FA3C286F72A0006851D3 /* Debug */ = {
			isa = XCBuildConfiguration;
			buildSettings = {
				ALWAYS_SEARCH_USER_PATHS = NO;
				CLANG_ANALYZER_NONNULL = YES;
				CLANG_ANALYZER_NUMBER_OBJECT_CONVERSION = YES_AGGRESSIVE;
				CLANG_CXX_LANGUAGE_STANDARD = "gnu++17";
				CLANG_ENABLE_MODULES = YES;
				CLANG_ENABLE_OBJC_ARC = YES;
				CLANG_ENABLE_OBJC_WEAK = YES;
				CLANG_WARN_BLOCK_CAPTURE_AUTORELEASING = YES;
				CLANG_WARN_BOOL_CONVERSION = YES;
				CLANG_WARN_COMMA = YES;
				CLANG_WARN_CONSTANT_CONVERSION = YES;
				CLANG_WARN_DEPRECATED_OBJC_IMPLEMENTATIONS = YES;
				CLANG_WARN_DIRECT_OBJC_ISA_USAGE = YES_ERROR;
				CLANG_WARN_DOCUMENTATION_COMMENTS = YES;
				CLANG_WARN_EMPTY_BODY = YES;
				CLANG_WARN_ENUM_CONVERSION = YES;
				CLANG_WARN_INFINITE_RECURSION = YES;
				CLANG_WARN_INT_CONVERSION = YES;
				CLANG_WARN_NON_LITERAL_NULL_CONVERSION = YES;
				CLANG_WARN_OBJC_IMPLICIT_RETAIN_SELF = YES;
				CLANG_WARN_OBJC_LITERAL_CONVERSION = YES;
				CLANG_WARN_OBJC_ROOT_CLASS = YES_ERROR;
				CLANG_WARN_QUOTED_INCLUDE_IN_FRAMEWORK_HEADER = YES;
				CLANG_WARN_RANGE_LOOP_ANALYSIS = YES;
				CLANG_WARN_STRICT_PROTOTYPES = YES;
				CLANG_WARN_SUSPICIOUS_MOVE = YES;
				CLANG_WARN_UNGUARDED_AVAILABILITY = YES_AGGRESSIVE;
				CLANG_WARN_UNREACHABLE_CODE = YES;
				CLANG_WARN__DUPLICATE_METHOD_MATCH = YES;
				COPY_PHASE_STRIP = NO;
				DEBUG_INFORMATION_FORMAT = dwarf;
				ENABLE_STRICT_OBJC_MSGSEND = YES;
				ENABLE_TESTABILITY = YES;
				GCC_C_LANGUAGE_STANDARD = gnu11;
				GCC_DYNAMIC_NO_PIC = NO;
				GCC_NO_COMMON_BLOCKS = YES;
				GCC_OPTIMIZATION_LEVEL = 0;
				GCC_PREPROCESSOR_DEFINITIONS = (
					"DEBUG=1",
					"$(inherited)",
				);
				GCC_WARN_64_TO_32_BIT_CONVERSION = YES;
				GCC_WARN_ABOUT_RETURN_TYPE = YES_ERROR;
				GCC_WARN_UNDECLARED_SELECTOR = YES;
				GCC_WARN_UNINITIALIZED_AUTOS = YES_AGGRESSIVE;
				GCC_WARN_UNUSED_FUNCTION = YES;
				GCC_WARN_UNUSED_VARIABLE = YES;
				IPHONEOS_DEPLOYMENT_TARGET = 13.0;
				MTL_ENABLE_DEBUG_INFO = INCLUDE_SOURCE;
				MTL_FAST_MATH = YES;
				ONLY_ACTIVE_ARCH = YES;
				SDKROOT = iphoneos;
				SWIFT_ACTIVE_COMPILATION_CONDITIONS = DEBUG;
				SWIFT_OPTIMIZATION_LEVEL = "-Onone";
			};
			name = Debug;
		};
		1208FA3D286F72A0006851D3 /* Release */ = {
			isa = XCBuildConfiguration;
			buildSettings = {
				ALWAYS_SEARCH_USER_PATHS = NO;
				CLANG_ANALYZER_NONNULL = YES;
				CLANG_ANALYZER_NUMBER_OBJECT_CONVERSION = YES_AGGRESSIVE;
				CLANG_CXX_LANGUAGE_STANDARD = "gnu++17";
				CLANG_ENABLE_MODULES = YES;
				CLANG_ENABLE_OBJC_ARC = YES;
				CLANG_ENABLE_OBJC_WEAK = YES;
				CLANG_WARN_BLOCK_CAPTURE_AUTORELEASING = YES;
				CLANG_WARN_BOOL_CONVERSION = YES;
				CLANG_WARN_COMMA = YES;
				CLANG_WARN_CONSTANT_CONVERSION = YES;
				CLANG_WARN_DEPRECATED_OBJC_IMPLEMENTATIONS = YES;
				CLANG_WARN_DIRECT_OBJC_ISA_USAGE = YES_ERROR;
				CLANG_WARN_DOCUMENTATION_COMMENTS = YES;
				CLANG_WARN_EMPTY_BODY = YES;
				CLANG_WARN_ENUM_CONVERSION = YES;
				CLANG_WARN_INFINITE_RECURSION = YES;
				CLANG_WARN_INT_CONVERSION = YES;
				CLANG_WARN_NON_LITERAL_NULL_CONVERSION = YES;
				CLANG_WARN_OBJC_IMPLICIT_RETAIN_SELF = YES;
				CLANG_WARN_OBJC_LITERAL_CONVERSION = YES;
				CLANG_WARN_OBJC_ROOT_CLASS = YES_ERROR;
				CLANG_WARN_QUOTED_INCLUDE_IN_FRAMEWORK_HEADER = YES;
				CLANG_WARN_RANGE_LOOP_ANALYSIS = YES;
				CLANG_WARN_STRICT_PROTOTYPES = YES;
				CLANG_WARN_SUSPICIOUS_MOVE = YES;
				CLANG_WARN_UNGUARDED_AVAILABILITY = YES_AGGRESSIVE;
				CLANG_WARN_UNREACHABLE_CODE = YES;
				CLANG_WARN__DUPLICATE_METHOD_MATCH = YES;
				COPY_PHASE_STRIP = NO;
				DEBUG_INFORMATION_FORMAT = "dwarf-with-dsym";
				ENABLE_NS_ASSERTIONS = NO;
				ENABLE_STRICT_OBJC_MSGSEND = YES;
				GCC_C_LANGUAGE_STANDARD = gnu11;
				GCC_NO_COMMON_BLOCKS = YES;
				GCC_WARN_64_TO_32_BIT_CONVERSION = YES;
				GCC_WARN_ABOUT_RETURN_TYPE = YES_ERROR;
				GCC_WARN_UNDECLARED_SELECTOR = YES;
				GCC_WARN_UNINITIALIZED_AUTOS = YES_AGGRESSIVE;
				GCC_WARN_UNUSED_FUNCTION = YES;
				GCC_WARN_UNUSED_VARIABLE = YES;
				IPHONEOS_DEPLOYMENT_TARGET = 13.0;
				MTL_ENABLE_DEBUG_INFO = NO;
				MTL_FAST_MATH = YES;
				SDKROOT = iphoneos;
				SWIFT_COMPILATION_MODE = wholemodule;
				SWIFT_OPTIMIZATION_LEVEL = "-O";
				VALIDATE_PRODUCT = YES;
			};
			name = Release;
		};
		1208FA3F286F72A0006851D3 /* Debug */ = {
			isa = XCBuildConfiguration;
			baseConfigurationReference = DF95527FADDCC9A1CA8C0F51 /* Pods-WeatherSDY.debug.xcconfig */;
			buildSettings = {
				ASSETCATALOG_COMPILER_APPICON_NAME = AppIcon;
				ASSETCATALOG_COMPILER_GLOBAL_ACCENT_COLOR_NAME = AccentColor;
				CODE_SIGN_STYLE = Automatic;
				CURRENT_PROJECT_VERSION = 1;
				DEVELOPMENT_TEAM = 6YV87RPH2N;
				GENERATE_INFOPLIST_FILE = YES;
				INFOPLIST_FILE = WeatherSDY/Info.plist;
				INFOPLIST_KEY_UIApplicationSupportsIndirectInputEvents = YES;
				INFOPLIST_KEY_UILaunchStoryboardName = LaunchScreen;
				INFOPLIST_KEY_UIMainStoryboardFile = Main;
				INFOPLIST_KEY_UISupportedInterfaceOrientations_iPad = "UIInterfaceOrientationPortrait UIInterfaceOrientationPortraitUpsideDown UIInterfaceOrientationLandscapeLeft UIInterfaceOrientationLandscapeRight";
				INFOPLIST_KEY_UISupportedInterfaceOrientations_iPhone = "UIInterfaceOrientationPortrait UIInterfaceOrientationLandscapeLeft UIInterfaceOrientationLandscapeRight";
				IPHONEOS_DEPLOYMENT_TARGET = 13.0;
				LD_RUNPATH_SEARCH_PATHS = (
					"$(inherited)",
					"@executable_path/Frameworks",
				);
				MARKETING_VERSION = 1.0;
				PRODUCT_BUNDLE_IDENTIFIER = sdy.ac.kr.WeatherSDY;
				PRODUCT_NAME = "$(TARGET_NAME)";
				SWIFT_EMIT_LOC_STRINGS = YES;
				SWIFT_VERSION = 5.0;
				TARGETED_DEVICE_FAMILY = "1,2";
			};
			name = Debug;
		};
		1208FA40286F72A0006851D3 /* Release */ = {
			isa = XCBuildConfiguration;
			baseConfigurationReference = 787539166FE6CE110A2FBD12 /* Pods-WeatherSDY.release.xcconfig */;
			buildSettings = {
				ASSETCATALOG_COMPILER_APPICON_NAME = AppIcon;
				ASSETCATALOG_COMPILER_GLOBAL_ACCENT_COLOR_NAME = AccentColor;
				CODE_SIGN_STYLE = Automatic;
				CURRENT_PROJECT_VERSION = 1;
				DEVELOPMENT_TEAM = 6YV87RPH2N;
				GENERATE_INFOPLIST_FILE = YES;
				INFOPLIST_FILE = WeatherSDY/Info.plist;
				INFOPLIST_KEY_UIApplicationSupportsIndirectInputEvents = YES;
				INFOPLIST_KEY_UILaunchStoryboardName = LaunchScreen;
				INFOPLIST_KEY_UIMainStoryboardFile = Main;
				INFOPLIST_KEY_UISupportedInterfaceOrientations_iPad = "UIInterfaceOrientationPortrait UIInterfaceOrientationPortraitUpsideDown UIInterfaceOrientationLandscapeLeft UIInterfaceOrientationLandscapeRight";
				INFOPLIST_KEY_UISupportedInterfaceOrientations_iPhone = "UIInterfaceOrientationPortrait UIInterfaceOrientationLandscapeLeft UIInterfaceOrientationLandscapeRight";
				IPHONEOS_DEPLOYMENT_TARGET = 13.0;
				LD_RUNPATH_SEARCH_PATHS = (
					"$(inherited)",
					"@executable_path/Frameworks",
				);
				MARKETING_VERSION = 1.0;
				PRODUCT_BUNDLE_IDENTIFIER = sdy.ac.kr.WeatherSDY;
				PRODUCT_NAME = "$(TARGET_NAME)";
				SWIFT_EMIT_LOC_STRINGS = YES;
				SWIFT_VERSION = 5.0;
				TARGETED_DEVICE_FAMILY = "1,2";
			};
			name = Release;
		};
/* End XCBuildConfiguration section */

/* Begin XCConfigurationList section */
		1208FA25286F729F006851D3 /* Build configuration list for PBXProject "WeatherSDY" */ = {
			isa = XCConfigurationList;
			buildConfigurations = (
				1208FA3C286F72A0006851D3 /* Debug */,
				1208FA3D286F72A0006851D3 /* Release */,
			);
			defaultConfigurationIsVisible = 0;
			defaultConfigurationName = Release;
		};
		1208FA3E286F72A0006851D3 /* Build configuration list for PBXNativeTarget "WeatherSDY" */ = {
			isa = XCConfigurationList;
			buildConfigurations = (
				1208FA3F286F72A0006851D3 /* Debug */,
				1208FA40286F72A0006851D3 /* Release */,
			);
			defaultConfigurationIsVisible = 0;
			defaultConfigurationName = Release;
		};
/* End XCConfigurationList section */
	};
	rootObject = 1208FA22286F729F006851D3 /* Project object */;
}
